
Microsoft Visual Studio Solution File, Format Version 12.00
# Visual Studio Version 17
VisualStudioVersion = 17.9.34701.34
MinimumVisualStudioVersion = 10.0.40219.1
Project("{8BC9CEB8-8B4A-11D0-8D11-00A0C91BC942}") = "ChatClient", "ChatClient\ChatClient.vcxproj", "{C9D86EC9-6E04-44D7-A956-C9489D502E8C}"
EndProject
Project("{8BC9CEB8-8B4A-11D0-8D11-00A0C91BC942}") = "ChatServer", "ChatServer\ChatServer.vcxproj", "{30E955B1-7003-4D51-8D4A-12160CB0E662}"
EndProject
Project("{2150E333-8FDC-42A3-9474-1A3956D46DE8}") = "[1]ServerClient", "[1]ServerClient", "{FE9F2960-10CD-4D23-87E8-4BBE265CFAA0}"
EndProject
Project("{2150E333-8FDC-42A3-9474-1A3956D46DE8}") = "[2]Exe", "[2]Exe", "{F7136B0C-88DE-4902-8FFA-ED773ACF27F1}"
EndProject
Project("{8BC9CEB8-8B4A-11D0-8D11-00A0C91BC942}") = "ServerConsoleExe", "ServerConsoleExe\ServerConsoleExe.vcxproj", "{8D412EB2-858D-4B42-AA18-B7C1A8402B4F}"
	ProjectSection(ProjectDependencies) = postProject
		{30E955B1-7003-4D51-8D4A-12160CB0E662} = {30E955B1-7003-4D51-8D4A-12160CB0E662}
	EndProjectSection
EndProject
Project("{2150E333-8FDC-42A3-9474-1A3956D46DE8}") = "[0]Base", "[0]Base", "{44382BC8-117C-41C8-B324-15B6278DB763}"
EndProject
Project("{8BC9CEB8-8B4A-11D0-8D11-00A0C91BC942}") = "TimeCore", "TimeCore\TimeCore.vcxproj", "{F82999C8-DF1C-4CB0-959E-1AC729C38351}"
EndProject
Project("{8BC9CEB8-8B4A-11D0-8D11-00A0C91BC942}") = "ThreadPool", "ThreadPool\ThreadPool.vcxproj", "{A5B77B0C-90B4-48E8-B234-60E78541D628}"
EndProject
Global
	GlobalSection(SolutionConfigurationPlatforms) = preSolution
		Debug|x64 = Debug|x64
		Debug|x86 = Debug|x86
		Release|x64 = Release|x64
		Release|x86 = Release|x86
	EndGlobalSection
	GlobalSection(ProjectConfigurationPlatforms) = postSolution
		{C9D86EC9-6E04-44D7-A956-C9489D502E8C}.Debug|x64.ActiveCfg = Debug|x64
		{C9D86EC9-6E04-44D7-A956-C9489D502E8C}.Debug|x64.Build.0 = Debug|x64
		{C9D86EC9-6E04-44D7-A956-C9489D502E8C}.Debug|x86.ActiveCfg = Debug|Win32
		{C9D86EC9-6E04-44D7-A956-C9489D502E8C}.Debug|x86.Build.0 = Debug|Win32
		{C9D86EC9-6E04-44D7-A956-C9489D502E8C}.Release|x64.ActiveCfg = Release|x64
		{C9D86EC9-6E04-44D7-A956-C9489D502E8C}.Release|x64.Build.0 = Release|x64
		{C9D86EC9-6E04-44D7-A956-C9489D502E8C}.Release|x86.ActiveCfg = Release|Win32
		{C9D86EC9-6E04-44D7-A956-C9489D502E8C}.Release|x86.Build.0 = Release|Win32
		{30E955B1-7003-4D51-8D4A-12160CB0E662}.Debug|x64.ActiveCfg = Debug|x64
		{30E955B1-7003-4D51-8D4A-12160CB0E662}.Debug|x64.Build.0 = Debug|x64
		{30E955B1-7003-4D51-8D4A-12160CB0E662}.Debug|x86.ActiveCfg = Debug|Win32
		{30E955B1-7003-4D51-8D4A-12160CB0E662}.Debug|x86.Build.0 = Debug|Win32
		{30E955B1-7003-4D51-8D4A-12160CB0E662}.Release|x64.ActiveCfg = Release|x64
		{30E955B1-7003-4D51-8D4A-12160CB0E662}.Release|x64.Build.0 = Release|x64
		{30E955B1-7003-4D51-8D4A-12160CB0E662}.Release|x86.ActiveCfg = Release|Win32
		{30E955B1-7003-4D51-8D4A-12160CB0E662}.Release|x86.Build.0 = Release|Win32
		{8D412EB2-858D-4B42-AA18-B7C1A8402B4F}.Debug|x64.ActiveCfg = Debug|x64
		{8D412EB2-858D-4B42-AA18-B7C1A8402B4F}.Debug|x64.Build.0 = Debug|x64
		{8D412EB2-858D-4B42-AA18-B7C1A8402B4F}.Debug|x86.ActiveCfg = Debug|Win32
		{8D412EB2-858D-4B42-AA18-B7C1A8402B4F}.Debug|x86.Build.0 = Debug|Win32
		{8D412EB2-858D-4B42-AA18-B7C1A8402B4F}.Release|x64.ActiveCfg = Release|x64
		{8D412EB2-858D-4B42-AA18-B7C1A8402B4F}.Release|x64.Build.0 = Release|x64
		{8D412EB2-858D-4B42-AA18-B7C1A8402B4F}.Release|x86.ActiveCfg = Release|Win32
		{8D412EB2-858D-4B42-AA18-B7C1A8402B4F}.Release|x86.Build.0 = Release|Win32
		{F82999C8-DF1C-4CB0-959E-1AC729C38351}.Debug|x64.ActiveCfg = Debug|x64
		{F82999C8-DF1C-4CB0-959E-1AC729C38351}.Debug|x64.Build.0 = Debug|x64
		{F82999C8-DF1C-4CB0-959E-1AC729C38351}.Debug|x86.ActiveCfg = Debug|Win32
		{F82999C8-DF1C-4CB0-959E-1AC729C38351}.Debug|x86.Build.0 = Debug|Win32
		{F82999C8-DF1C-4CB0-959E-1AC729C38351}.Release|x64.ActiveCfg = Release|x64
		{F82999C8-DF1C-4CB0-959E-1AC729C38351}.Release|x64.Build.0 = Release|x64
		{F82999C8-DF1C-4CB0-959E-1AC729C38351}.Release|x86.ActiveCfg = Release|Win32
		{F82999C8-DF1C-4CB0-959E-1AC729C38351}.Release|x86.Build.0 = Release|Win32
		{A5B77B0C-90B4-48E8-B234-60E78541D628}.Debug|x64.ActiveCfg = Debug|x64
		{A5B77B0C-90B4-48E8-B234-60E78541D628}.Debug|x64.Build.0 = Debug|x64
		{A5B77B0C-90B4-48E8-B234-60E78541D628}.Debug|x86.ActiveCfg = Debug|Win32
		{A5B77B0C-90B4-48E8-B234-60E78541D628}.Debug|x86.Build.0 = Debug|Win32
		{A5B77B0C-90B4-48E8-B234-60E78541D628}.Release|x64.ActiveCfg = Release|x64
		{A5B77B0C-90B4-48E8-B234-60E78541D628}.Release|x64.Build.0 = Release|x64
		{A5B77B0C-90B4-48E8-B234-60E78541D628}.Release|x86.ActiveCfg = Release|Win32
		{A5B77B0C-90B4-48E8-B234-60E78541D628}.Release|x86.Build.0 = Release|Win32
	EndGlobalSection
	GlobalSection(SolutionProperties) = preSolution
		HideSolutionNode = FALSE
	EndGlobalSection
	GlobalSection(NestedProjects) = preSolution
		{C9D86EC9-6E04-44D7-A956-C9489D502E8C} = {FE9F2960-10CD-4D23-87E8-4BBE265CFAA0}
		{30E955B1-7003-4D51-8D4A-12160CB0E662} = {FE9F2960-10CD-4D23-87E8-4BBE265CFAA0}
		{8D412EB2-858D-4B42-AA18-B7C1A8402B4F} = {F7136B0C-88DE-4902-8FFA-ED773ACF27F1}
		{F82999C8-DF1C-4CB0-959E-1AC729C38351} = {44382BC8-117C-41C8-B324-15B6278DB763}
		{A5B77B0C-90B4-48E8-B234-60E78541D628} = {44382BC8-117C-41C8-B324-15B6278DB763}
	EndGlobalSection
	GlobalSection(ExtensibilityGlobals) = postSolution
		SolutionGuid = {4C9025B8-6625-4047-A135-D35384A69937}
	EndGlobalSection
EndGlobal
